// !$*UTF8*$!
{
	archiveVersion = 1;
	classes = {
	};
	objectVersion = 50;
	objects = {

/* Begin PBXBuildFile section */
		AF16670D23E97EDA00D64B1D /* AppDelegate.swift in Sources */ = {isa = PBXBuildFile; fileRef = AF16670C23E97EDA00D64B1D /* AppDelegate.swift */; };
		AF16670F23E97EDA00D64B1D /* SceneDelegate.swift in Sources */ = {isa = PBXBuildFile; fileRef = AF16670E23E97EDA00D64B1D /* SceneDelegate.swift */; };
		AF16671123E97EDA00D64B1D /* ViewController.swift in Sources */ = {isa = PBXBuildFile; fileRef = AF16671023E97EDA00D64B1D /* ViewController.swift */; };
		AF16671423E97EDA00D64B1D /* Main.storyboard in Resources */ = {isa = PBXBuildFile; fileRef = AF16671223E97EDA00D64B1D /* Main.storyboard */; };
		AF16671623E97EE100D64B1D /* Assets.xcassets in Resources */ = {isa = PBXBuildFile; fileRef = AF16671523E97EE100D64B1D /* Assets.xcassets */; };
		AF16671923E97EE100D64B1D /* LaunchScreen.storyboard in Resources */ = {isa = PBXBuildFile; fileRef = AF16671723E97EE100D64B1D /* LaunchScreen.storyboard */; };
/* End PBXBuildFile section */

/* Begin PBXFileReference section */
		AF16670923E97EDA00D64B1D /* ImageViewMasking.app */ = {isa = PBXFileReference; explicitFileType = wrapper.application; includeInIndex = 0; path = ImageViewMasking.app; sourceTree = BUILT_PRODUCTS_DIR; };
		AF16670C23E97EDA00D64B1D /* AppDelegate.swift */ = {isa = PBXFileReference; lastKnownFileType = sourcecode.swift; path = AppDelegate.swift; sourceTree = "<group>"; };
		AF16670E23E97EDA00D64B1D /* SceneDelegate.swift */ = {isa = PBXFileReference; lastKnownFileType = sourcecode.swift; path = SceneDelegate.swift; sourceTree = "<group>"; };
		AF16671023E97EDA00D64B1D /* ViewController.swift */ = {isa = PBXFileReference; lastKnownFileType = sourcecode.swift; path = ViewController.swift; sourceTree = "<group>"; };
		AF16671323E97EDA00D64B1D /* Base */ = {isa = PBXFileReference; lastKnownFileType = file.storyboard; name = Base; path = Base.lproj/Main.storyboard; sourceTree = "<group>"; };
		AF16671523E97EE100D64B1D /* Assets.xcassets */ = {isa = PBXFileReference; lastKnownFileType = folder.assetcatalog; path = Assets.xcassets; sourceTree = "<group>"; };
		AF16671823E97EE100D64B1D /* Base */ = {isa = PBXFileReference; lastKnownFileType = file.storyboard; name = Base; path = Base.lproj/LaunchScreen.storyboard; sourceTree = "<group>"; };
		AF16671A23E97EE100D64B1D /* Info.plist */ = {isa = PBXFileReference; lastKnownFileType = text.plist.xml; path = Info.plist; sourceTree = "<group>"; };
/* End PBXFileReference section */

/* Begin PBXFrameworksBuildPhase section */
		AF16670623E97EDA00D64B1D /* Frameworks */ = {
			isa = PBXFrameworksBuildPhase;
			buildActionMask = 2147483647;
			files = (
			);
			runOnlyForDeploymentPostprocessing = 0;
		};
/* End PBXFrameworksBuildPhase section */

/* Begin PBXGroup section */
		AF16670023E97EDA00D64B1D = {
			isa = PBXGroup;
			children = (
				AF16670B23E97EDA00D64B1D /* ImageViewMasking */,
				AF16670A23E97EDA00D64B1D /* Products */,
			);
			sourceTree = "<group>";
		};
		AF16670A23E97EDA00D64B1D /* Products */ = {
			isa = PBXGroup;
			children = (
				AF16670923E97EDA00D64B1D /* ImageViewMasking.app */,
			);
			name = Products;
			sourceTree = "<group>";
		};
		AF16670B23E97EDA00D64B1D /* ImageViewMasking */ = {
			isa = PBXGroup;
			children = (
				AF16670C23E97EDA00D64B1D /* AppDelegate.swift */,
				AF16670E23E97EDA00D64B1D /* SceneDelegate.swift */,
				AF16671023E97EDA00D64B1D /* ViewController.swift */,
				AF16671223E97EDA00D64B1D /* Main.storyboard */,
				AF16671523E97EE100D64B1D /* Assets.xcassets */,
				AF16671723E97EE100D64B1D /* LaunchScreen.storyboard */,
				AF16671A23E97EE100D64B1D /* Info.plist */,
			);
			path = ImageViewMasking;
			sourceTree = "<group>";
		};
/* End PBXGroup section */

/* Begin PBXNativeTarget section */
		AF16670823E97EDA00D64B1D /* ImageViewMasking */ = {
			isa = PBXNativeTarget;
			buildConfigurationList = AF16671D23E97EE100D64B1D /* Build configuration list for PBXNativeTarget "ImageViewMasking" */;
			buildPhases = (
				AF16670523E97EDA00D64B1D /* Sources */,
				AF16670623E97EDA00D64B1D /* Frameworks */,
				AF16670723E97EDA00D64B1D /* Resources */,
			);
			buildRules = (
			);
			dependencies = (
			);
			name = ImageViewMasking;
			productName = ImageViewMasking;
			productReference = AF16670923E97EDA00D64B1D /* ImageViewMasking.app */;
			productType = "com.apple.product-type.application";
		};
/* End PBXNativeTarget section */

/* Begin PBXProject section */
		AF16670123E97EDA00D64B1D /* Project object */ = {
			isa = PBXProject;
			attributes = {
				LastSwiftUpdateCheck = 1130;
				LastUpgradeCheck = 1130;
				ORGANIZATIONNAME = "Ufuk Köşker";
				TargetAttributes = {
					AF16670823E97EDA00D64B1D = {
						CreatedOnToolsVersion = 11.3.1;
					};
				};
			};
			buildConfigurationList = AF16670423E97EDA00D64B1D /* Build configuration list for PBXProject "ImageViewMasking" */;
			compatibilityVersion = "Xcode 9.3";
			developmentRegion = en;
			hasScannedForEncodings = 0;
			knownRegions = (
				en,
				Base,
			);
			mainGroup = AF16670023E97EDA00D64B1D;
			productRefGroup = AF16670A23E97EDA00D64B1D /* Products */;
			projectDirPath = "";
			projectRoot = "";
			targets = (
				AF16670823E97EDA00D64B1D /* ImageViewMasking */,
			);
		};
/* End PBXProject section */

/* Begin PBXResourcesBuildPhase section */
		AF16670723E97EDA00D64B1D /* Resources */ = {
			isa = PBXResourcesBuildPhase;
			buildActionMask = 2147483647;
			files = (
				AF16671923E97EE100D64B1D /* LaunchScreen.storyboard in Resources */,
				AF16671623E97EE100D64B1D /* Assets.xcassets in Resources */,
				AF16671423E97EDA00D64B1D /* Main.storyboard in Resources */,
			);
			runOnlyForDeploymentPostprocessing = 0;
		};
/* End PBXResourcesBuildPhase section */

/* Begin PBXSourcesBuildPhase section */
		AF16670523E97EDA00D64B1D /* Sources */ = {
			isa = PBXSourcesBuildPhase;
			buildActionMask = 2147483647;
			files = (
				AF16671123E97EDA00D64B1D /* ViewController.swift in Sources */,
				AF16670D23E97EDA00D64B1D /* AppDelegate.swift in Sources */,
				AF16670F23E97EDA00D64B1D /* SceneDelegate.swift in Sources */,
			);
			runOnlyForDeploymentPostprocessing = 0;
		};
/* End PBXSourcesBuildPhase section */

/* Begin PBXVariantGroup section */
		AF16671223E97EDA00D64B1D /* Main.storyboard */ = {
			isa = PBXVariantGroup;
			children = (
				AF16671323E97EDA00D64B1D /* Base */,
			);
			name = Main.storyboard;
			sourceTree = "<group>";
		};
		AF16671723E97EE100D64B1D /* LaunchScreen.storyboard */ = {
			isa = PBXVariantGroup;
			children = (
				AF16671823E97EE100D64B1D /* Base */,
			);
			name = LaunchScreen.storyboard;
			sourceTree = "<group>";
		};
/* End PBXVariantGroup section */

/* Begin XCBuildConfiguration section */
		AF16671B23E97EE100D64B1D /* Debug */ = {
			isa = XCBuildConfiguration;
			buildSettings = {
				ALWAYS_SEARCH_USER_PATHS = NO;
				CLANG_ANALYZER_NONNULL = YES;
				CLANG_ANALYZER_NUMBER_OBJECT_CONVERSION = YES_AGGRESSIVE;
				CLANG_CXX_LANGUAGE_STANDARD = "gnu++14";
				CLANG_CXX_LIBRARY = "libc++";
				CLANG_ENABLE_MODULES = YES;
				CLANG_ENABLE_OBJC_ARC = YES;
				CLANG_ENABLE_OBJC_WEAK = YES;
				CLANG_WARN_BLOCK_CAPTURE_AUTORELEASING = YES;
				CLANG_WARN_BOOL_CONVERSION = YES;
				CLANG_WARN_COMMA = YES;
				CLANG_WARN_CONSTANT_CONVERSION = YES;
				CLANG_WARN_DEPRECATED_OBJC_IMPLEMENTATIONS = YES;
				CLANG_WARN_DIRECT_OBJC_ISA_USAGE = YES_ERROR;
				CLANG_WARN_DOCUMENTATION_COMMENTS = YES;
				CLANG_WARN_EMPTY_BODY = YES;
				CLANG_WARN_ENUM_CONVERSION = YES;
				CLANG_WARN_INFINITE_RECURSION = YES;
				CLANG_WARN_INT_CONVERSION = YES;
				CLANG_WARN_NON_LITERAL_NULL_CONVERSION = YES;
				CLANG_WARN_OBJC_IMPLICIT_RETAIN_SELF = YES;
				CLANG_WARN_OBJC_LITERAL_CONVERSION = YES;
				CLANG_WARN_OBJC_ROOT_CLASS = YES_ERROR;
				CLANG_WARN_RANGE_LOOP_ANALYSIS = YES;
				CLANG_WARN_STRICT_PROTOTYPES = YES;
				CLANG_WARN_SUSPICIOUS_MOVE = YES;
				CLANG_WARN_UNGUARDED_AVAILABILITY = YES_AGGRESSIVE;
				CLANG_WARN_UNREACHABLE_CODE = YES;
				CLANG_WARN__DUPLICATE_METHOD_MATCH = YES;
				COPY_PHASE_STRIP = NO;
				DEBUG_INFORMATION_FORMAT = dwarf;
				ENABLE_STRICT_OBJC_MSGSEND = YES;
				ENABLE_TESTABILITY = YES;
				GCC_C_LANGUAGE_STANDARD = gnu11;
				GCC_DYNAMIC_NO_PIC = NO;
				GCC_NO_COMMON_BLOCKS = YES;
				GCC_OPTIMIZATION_LEVEL = 0;
				GCC_PREPROCESSOR_DEFINITIONS = (
					"DEBUG=1",
					"$(inherited)",
				);
				GCC_WARN_64_TO_32_BIT_CONVERSION = YES;
				GCC_WARN_ABOUT_RETURN_TYPE = YES_ERROR;
				GCC_WARN_UNDECLARED_SELECTOR = YES;
				GCC_WARN_UNINITIALIZED_AUTOS = YES_AGGRESSIVE;
				GCC_WARN_UNUSED_FUNCTION = YES;
				GCC_WARN_UNUSED_VARIABLE = YES;
				IPHONEOS_DEPLOYMENT_TARGET = 13.2;
				MTL_ENABLE_DEBUG_INFO = INCLUDE_SOURCE;
				MTL_FAST_MATH = YES;
				ONLY_ACTIVE_ARCH = YES;
				SDKROOT = iphoneos;
				SWIFT_ACTIVE_COMPILATION_CONDITIONS = DEBUG;
				SWIFT_OPTIMIZATION_LEVEL = "-Onone";
			};
			name = Debug;
		};
		AF16671C23E97EE100D64B1D /* Release */ = {
			isa = XCBuildConfiguration;
			buildSettings = {
				ALWAYS_SEARCH_USER_PATHS = NO;
				CLANG_ANALYZER_NONNULL = YES;
				CLANG_ANALYZER_NUMBER_OBJECT_CONVERSION = YES_AGGRESSIVE;
				CLANG_CXX_LANGUAGE_STANDARD = "gnu++14";
				CLANG_CXX_LIBRARY = "libc++";
				CLANG_ENABLE_MODULES = YES;
				CLANG_ENABLE_OBJC_ARC = YES;
				CLANG_ENABLE_OBJC_WEAK = YES;
				CLANG_WARN_BLOCK_CAPTURE_AUTORELEASING = YES;
				CLANG_WARN_BOOL_CONVERSION = YES;
				CLANG_WARN_COMMA = YES;
				CLANG_WARN_CONSTANT_CONVERSION = YES;
				CLANG_WARN_DEPRECATED_OBJC_IMPLEMENTATIONS = YES;
				CLANG_WARN_DIRECT_OBJC_ISA_USAGE = YES_ERROR;
				CLANG_WARN_DOCUMENTATION_COMMENTS = YES;
				CLANG_WARN_EMPTY_BODY = YES;
				CLANG_WARN_ENUM_CONVERSION = YES;
				CLANG_WARN_INFINITE_RECURSION = YES;
				CLANG_WARN_INT_CONVERSION = YES;
				CLANG_WARN_NON_LITERAL_NULL_CONVERSION = YES;
				CLANG_WARN_OBJC_IMPLICIT_RETAIN_SELF = YES;
				CLANG_WARN_OBJC_LITERAL_CONVERSION = YES;
				CLANG_WARN_OBJC_ROOT_CLASS = YES_ERROR;
				CLANG_WARN_RANGE_LOOP_ANALYSIS = YES;
				CLANG_WARN_STRICT_PROTOTYPES = YES;
				CLANG_WARN_SUSPICIOUS_MOVE = YES;
				CLANG_WARN_UNGUARDED_AVAILABILITY = YES_AGGRESSIVE;
				CLANG_WARN_UNREACHABLE_CODE = YES;
				CLANG_WARN__DUPLICATE_METHOD_MATCH = YES;
				COPY_PHASE_STRIP = NO;
				DEBUG_INFORMATION_FORMAT = "dwarf-with-dsym";
				ENABLE_NS_ASSERTIONS = NO;
				ENABLE_STRICT_OBJC_MSGSEND = YES;
				GCC_C_LANGUAGE_STANDARD = gnu11;
				GCC_NO_COMMON_BLOCKS = YES;
				GCC_WARN_64_TO_32_BIT_CONVERSION = YES;
				GCC_WARN_ABOUT_RETURN_TYPE = YES_ERROR;
				GCC_WARN_UNDECLARED_SELECTOR = YES;
				GCC_WARN_UNINITIALIZED_AUTOS = YES_AGGRESSIVE;
				GCC_WARN_UNUSED_FUNCTION = YES;
				GCC_WARN_UNUSED_VARIABLE = YES;
				IPHONEOS_DEPLOYMENT_TARGET = 13.2;
				MTL_ENABLE_DEBUG_INFO = NO;
				MTL_FAST_MATH = YES;
				SDKROOT = iphoneos;
				SWIFT_COMPILATION_MODE = wholemodule;
				SWIFT_OPTIMIZATION_LEVEL = "-O";
				VALIDATE_PRODUCT = YES;
			};
			name = Release;
		};
		AF16671E23E97EE100D64B1D /* Debug */ = {
			isa = XCBuildConfiguration;
			buildSettings = {
				ASSETCATALOG_COMPILER_APPICON_NAME = AppIcon;
				CODE_SIGN_STYLE = Automatic;
				DEVELOPMENT_TEAM = 63Y74HYCKH;
				INFOPLIST_FILE = ImageViewMasking/Info.plist;
				LD_RUNPATH_SEARCH_PATHS = (
					"$(inherited)",
					"@executable_path/Frameworks",
				);
				PRODUCT_BUNDLE_IDENTIFIER = ufukkosker.ImageViewMasking;
				PRODUCT_NAME = "$(TARGET_NAME)";
				SWIFT_VERSION = 5.0;
				TARGETED_DEVICE_FAMILY = "1,2";
			};
			name = Debug;
		};
		AF16671F23E97EE100D64B1D /* Release */ = {
			isa = XCBuildConfiguration;
			buildSettings = {
				ASSETCATALOG_COMPILER_APPICON_NAME = AppIcon;
				CODE_SIGN_STYLE = Automatic;
				DEVELOPMENT_TEAM = 63Y74HYCKH;
				INFOPLIST_FILE = ImageViewMasking/Info.plist;
				LD_RUNPATH_SEARCH_PATHS = (
					"$(inherited)",
					"@executable_path/Frameworks",
				);
				PRODUCT_BUNDLE_IDENTIFIER = ufukkosker.ImageViewMasking;
				PRODUCT_NAME = "$(TARGET_NAME)";
				SWIFT_VERSION = 5.0;
				TARGETED_DEVICE_FAMILY = "1,2";
			};
			name = Release;
		};
/* End XCBuildConfiguration section */

/* Begin XCConfigurationList section */
		AF16670423E97EDA00D64B1D /* Build configuration list for PBXProject "ImageViewMasking" */ = {
			isa = XCConfigurationList;
			buildConfigurations = (
				AF16671B23E97EE100D64B1D /* Debug */,
				AF16671C23E97EE100D64B1D /* Release */,
			);
			defaultConfigurationIsVisible = 0;
			defaultConfigurationName = Release;
		};
		AF16671D23E97EE100D64B1D /* Build configuration list for PBXNativeTarget "ImageViewMasking" */ = {
			isa = XCConfigurationList;
			buildConfigurations = (
				AF16671E23E97EE100D64B1D /* Debug */,
				AF16671F23E97EE100D64B1D /* Release */,
			);
			defaultConfigurationIsVisible = 0;
			defaultConfigurationName = Release;
		};
/* End XCConfigurationList section */
	};
	rootObject = AF16670123E97EDA00D64B1D /* Project object */;
}
